
Microsoft Visual Studio Solution File, Format Version 12.00
# Visual Studio Version 16
VisualStudioVersion = 16.0.32510.428
MinimumVisualStudioVersion = 10.0.40219.1
Project("{FAE04EC0-301F-11D3-BF4B-00C04F79EFBC}") = "WebApplication1", "WebApplication1\WebApplication1.csproj", "{A84F5D32-1389-44DD-AFDA-7DCE47D54D4A}"
EndProject
Global
	GlobalSection(SolutionConfigurationPlatforms) = preSolution
		Debug|Any CPU = Debug|Any CPU
		Release|Any CPU = Release|Any CPU
	EndGlobalSection
	GlobalSection(ProjectConfigurationPlatforms) = postSolution
		{A84F5D32-1389-44DD-AFDA-7DCE47D54D4A}.Debug|Any CPU.ActiveCfg = Debug|Any CPU
		{A84F5D32-1389-44DD-AFDA-7DCE47D54D4A}.Debug|Any CPU.Build.0 = Debug|Any CPU
		{A84F5D32-1389-44DD-AFDA-7DCE47D54D4A}.Release|Any CPU.ActiveCfg = Release|Any CPU
		{A84F5D32-1389-44DD-AFDA-7DCE47D54D4A}.Release|Any CPU.Build.0 = Release|Any CPU
	EndGlobalSection
	GlobalSection(SolutionProperties) = preSolution
		HideSolutionNode = FALSE
	EndGlobalSection
	GlobalSection(ExtensibilityGlobals) = postSolution
		SolutionGuid = {C36DF629-FB13-4B9C-80AF-B50ABCF46C08}
	EndGlobalSection
EndGlobal
